
Microsoft Visual Studio Solution File, Format Version 12.00
# Visual Studio 2012
Project("{2150E333-8FDC-42A3-9474-1A3956D46DE8}") = "tools", "tools", "{8E03BE4F-38F8-4701-AF77-B49950F254F5}"
	ProjectSection(SolutionItems) = preProject
		tools\packages.config = tools\packages.config
	EndProjectSection
EndProject
Project("{F2A71F9B-5D33-465A-A702-920D77279786}") = "FsBlogLib", "tools\FsBlogLib\FsBlogLib.fsproj", "{B83F5E3E-8CEC-4F4E-B251-D2C853816C62}"
EndProject
Project("{FAE04EC0-301F-11D3-BF4B-00C04F79EFBC}") = "CSharpFormat", "tools\CSharpFormat\CSharpFormat.csproj", "{9AB3650B-CC24-4404-A175-A573DA928475}"
EndProject
Global
	GlobalSection(SolutionConfigurationPlatforms) = preSolution
		Debug|Any CPU = Debug|Any CPU
		Release|Any CPU = Release|Any CPU
	EndGlobalSection
	GlobalSection(ProjectConfigurationPlatforms) = postSolution
		{B83F5E3E-8CEC-4F4E-B251-D2C853816C62}.Debug|Any CPU.ActiveCfg = Debug|Any CPU
		{B83F5E3E-8CEC-4F4E-B251-D2C853816C62}.Debug|Any CPU.Build.0 = Debug|Any CPU
		{B83F5E3E-8CEC-4F4E-B251-D2C853816C62}.Release|Any CPU.ActiveCfg = Release|Any CPU
		{B83F5E3E-8CEC-4F4E-B251-D2C853816C62}.Release|Any CPU.Build.0 = Release|Any CPU
		{9AB3650B-CC24-4404-A175-A573DA928475}.Debug|Any CPU.ActiveCfg = Debug|Any CPU
		{9AB3650B-CC24-4404-A175-A573DA928475}.Debug|Any CPU.Build.0 = Debug|Any CPU
		{9AB3650B-CC24-4404-A175-A573DA928475}.Release|Any CPU.ActiveCfg = Release|Any CPU
		{9AB3650B-CC24-4404-A175-A573DA928475}.Release|Any CPU.Build.0 = Release|Any CPU
	EndGlobalSection
	GlobalSection(SolutionProperties) = preSolution
		HideSolutionNode = FALSE
	EndGlobalSection
	GlobalSection(NestedProjects) = preSolution
		{B83F5E3E-8CEC-4F4E-B251-D2C853816C62} = {8E03BE4F-38F8-4701-AF77-B49950F254F5}
		{9AB3650B-CC24-4404-A175-A573DA928475} = {8E03BE4F-38F8-4701-AF77-B49950F254F5}
	EndGlobalSection
EndGlobal
